// !$*UTF8*$!
{
	archiveVersion = 1;
	classes = {
	};
	objectVersion = 46;
	objects = {

/* Begin PBXBuildFile section */
		A204B5C51AC1D27400FB2618 /* APRCollectionViewCell.m in Sources */ = {isa = PBXBuildFile; fileRef = A204B5C41AC1D27400FB2618 /* APRCollectionViewCell.m */; };
		A210AB9D1AC6E1C200F6DFC6 /* APRResponseModel.m in Sources */ = {isa = PBXBuildFile; fileRef = A210AB9C1AC6E1C200F6DFC6 /* APRResponseModel.m */; };
		A210ABA51AC7F30C00F6DFC6 /* NSMutableArray+APRStreamArray.m in Sources */ = {isa = PBXBuildFile; fileRef = A210ABA41AC7F30C00F6DFC6 /* NSMutableArray+APRStreamArray.m */; };
		A2177E5F1AC1CE5300BBCCED /* Foundation.framework in Frameworks */ = {isa = PBXBuildFile; fileRef = A2177E5E1AC1CE5300BBCCED /* Foundation.framework */; };
		A2177E611AC1CE5300BBCCED /* CoreGraphics.framework in Frameworks */ = {isa = PBXBuildFile; fileRef = A2177E601AC1CE5300BBCCED /* CoreGraphics.framework */; };
		A2177E631AC1CE5300BBCCED /* UIKit.framework in Frameworks */ = {isa = PBXBuildFile; fileRef = A2177E621AC1CE5300BBCCED /* UIKit.framework */; };
		A2177E691AC1CE5300BBCCED /* InfoPlist.strings in Resources */ = {isa = PBXBuildFile; fileRef = A2177E671AC1CE5300BBCCED /* InfoPlist.strings */; };
		A2177E6B1AC1CE5300BBCCED /* main.m in Sources */ = {isa = PBXBuildFile; fileRef = A2177E6A1AC1CE5300BBCCED /* main.m */; };
		A2177E6F1AC1CE5300BBCCED /* APRAppDelegate.m in Sources */ = {isa = PBXBuildFile; fileRef = A2177E6E1AC1CE5300BBCCED /* APRAppDelegate.m */; };
		A2177E721AC1CE5300BBCCED /* Main.storyboard in Resources */ = {isa = PBXBuildFile; fileRef = A2177E701AC1CE5300BBCCED /* Main.storyboard */; };
		A2177E751AC1CE5300BBCCED /* APRViewController.m in Sources */ = {isa = PBXBuildFile; fileRef = A2177E741AC1CE5300BBCCED /* APRViewController.m */; };
		A2177E771AC1CE5300BBCCED /* Images.xcassets in Resources */ = {isa = PBXBuildFile; fileRef = A2177E761AC1CE5300BBCCED /* Images.xcassets */; };
		A261BB3E1AC39FE900653EC2 /* APRRestClient.m in Sources */ = {isa = PBXBuildFile; fileRef = A261BB3D1AC39FE900653EC2 /* APRRestClient.m */; };
		A261BB411AC411E100653EC2 /* APRJSONModel.m in Sources */ = {isa = PBXBuildFile; fileRef = A261BB401AC411E100653EC2 /* APRJSONModel.m */; };
		A261BB451AC59E2600653EC2 /* APRThumbnailImage.m in Sources */ = {isa = PBXBuildFile; fileRef = A261BB441AC59E2600653EC2 /* APRThumbnailImage.m */; };
		A2C26A701AC2D7F30063938D /* MKAnnotationView+WebCache.m in Sources */ = {isa = PBXBuildFile; fileRef = A2C26A501AC2D7F30063938D /* MKAnnotationView+WebCache.m */; };
		A2C26A711AC2D7F30063938D /* NSData+ImageContentType.m in Sources */ = {isa = PBXBuildFile; fileRef = A2C26A521AC2D7F30063938D /* NSData+ImageContentType.m */; };
		A2C26A721AC2D7F30063938D /* SDImageCache.m in Sources */ = {isa = PBXBuildFile; fileRef = A2C26A541AC2D7F30063938D /* SDImageCache.m */; };
		A2C26A731AC2D7F30063938D /* SDWebImageCompat.m in Sources */ = {isa = PBXBuildFile; fileRef = A2C26A561AC2D7F30063938D /* SDWebImageCompat.m */; };
		A2C26A741AC2D7F30063938D /* SDWebImageDecoder.m in Sources */ = {isa = PBXBuildFile; fileRef = A2C26A581AC2D7F30063938D /* SDWebImageDecoder.m */; };
		A2C26A751AC2D7F30063938D /* SDWebImageDownloader.m in Sources */ = {isa = PBXBuildFile; fileRef = A2C26A5A1AC2D7F30063938D /* SDWebImageDownloader.m */; };
		A2C26A761AC2D7F30063938D /* SDWebImageDownloaderOperation.m in Sources */ = {isa = PBXBuildFile; fileRef = A2C26A5C1AC2D7F30063938D /* SDWebImageDownloaderOperation.m */; };
		A2C26A771AC2D7F30063938D /* SDWebImageManager.m in Sources */ = {isa = PBXBuildFile; fileRef = A2C26A5E1AC2D7F30063938D /* SDWebImageManager.m */; };
		A2C26A781AC2D7F30063938D /* SDWebImagePrefetcher.m in Sources */ = {isa = PBXBuildFile; fileRef = A2C26A611AC2D7F30063938D /* SDWebImagePrefetcher.m */; };
		A2C26A791AC2D7F30063938D /* UIButton+WebCache.m in Sources */ = {isa = PBXBuildFile; fileRef = A2C26A631AC2D7F30063938D /* UIButton+WebCache.m */; };
		A2C26A7A1AC2D7F30063938D /* UIImage+GIF.m in Sources */ = {isa = PBXBuildFile; fileRef = A2C26A651AC2D7F30063938D /* UIImage+GIF.m */; };
		A2C26A7B1AC2D7F30063938D /* UIImage+MultiFormat.m in Sources */ = {isa = PBXBuildFile; fileRef = A2C26A671AC2D7F30063938D /* UIImage+MultiFormat.m */; };
		A2C26A7C1AC2D7F30063938D /* UIImage+WebP.m in Sources */ = {isa = PBXBuildFile; fileRef = A2C26A691AC2D7F30063938D /* UIImage+WebP.m */; };
		A2C26A7D1AC2D7F30063938D /* UIImageView+HighlightedWebCache.m in Sources */ = {isa = PBXBuildFile; fileRef = A2C26A6B1AC2D7F30063938D /* UIImageView+HighlightedWebCache.m */; };
		A2C26A7E1AC2D7F30063938D /* UIImageView+WebCache.m in Sources */ = {isa = PBXBuildFile; fileRef = A2C26A6D1AC2D7F30063938D /* UIImageView+WebCache.m */; };
		A2C26A7F1AC2D7F30063938D /* UIView+WebCacheOperation.m in Sources */ = {isa = PBXBuildFile; fileRef = A2C26A6F1AC2D7F30063938D /* UIView+WebCacheOperation.m */; };
/* End PBXBuildFile section */

/* Begin PBXFileReference section */
		A204B5C31AC1D27400FB2618 /* APRCollectionViewCell.h */ = {isa = PBXFileReference; fileEncoding = 4; lastKnownFileType = sourcecode.c.h; path = APRCollectionViewCell.h; sourceTree = "<group>"; };
		A204B5C41AC1D27400FB2618 /* APRCollectionViewCell.m */ = {isa = PBXFileReference; fileEncoding = 4; lastKnownFileType = sourcecode.c.objc; path = APRCollectionViewCell.m; sourceTree = "<group>"; };
		A210AB9B1AC6E1C200F6DFC6 /* APRResponseModel.h */ = {isa = PBXFileReference; fileEncoding = 4; lastKnownFileType = sourcecode.c.h; path = APRResponseModel.h; sourceTree = "<group>"; };
		A210AB9C1AC6E1C200F6DFC6 /* APRResponseModel.m */ = {isa = PBXFileReference; fileEncoding = 4; lastKnownFileType = sourcecode.c.objc; path = APRResponseModel.m; sourceTree = "<group>"; };
		A210ABA31AC7F30C00F6DFC6 /* NSMutableArray+APRStreamArray.h */ = {isa = PBXFileReference; fileEncoding = 4; lastKnownFileType = sourcecode.c.h; path = "NSMutableArray+APRStreamArray.h"; sourceTree = "<group>"; };
		A210ABA41AC7F30C00F6DFC6 /* NSMutableArray+APRStreamArray.m */ = {isa = PBXFileReference; fileEncoding = 4; lastKnownFileType = sourcecode.c.objc; path = "NSMutableArray+APRStreamArray.m"; sourceTree = "<group>"; };
		A210ABA61AC80D5800F6DFC6 /* README.md */ = {isa = PBXFileReference; lastKnownFileType = net.daringfireball.markdown; path = README.md; sourceTree = "<group>"; };
		A2177E5B1AC1CE5300BBCCED /* Image Search.app */ = {isa = PBXFileReference; explicitFileType = wrapper.application; includeInIndex = 0; path = "Image Search.app"; sourceTree = BUILT_PRODUCTS_DIR; };
		A2177E5E1AC1CE5300BBCCED /* Foundation.framework */ = {isa = PBXFileReference; lastKnownFileType = wrapper.framework; name = Foundation.framework; path = System/Library/Frameworks/Foundation.framework; sourceTree = SDKROOT; };
		A2177E601AC1CE5300BBCCED /* CoreGraphics.framework */ = {isa = PBXFileReference; lastKnownFileType = wrapper.framework; name = CoreGraphics.framework; path = System/Library/Frameworks/CoreGraphics.framework; sourceTree = SDKROOT; };
		A2177E621AC1CE5300BBCCED /* UIKit.framework */ = {isa = PBXFileReference; lastKnownFileType = wrapper.framework; name = UIKit.framework; path = System/Library/Frameworks/UIKit.framework; sourceTree = SDKROOT; };
		A2177E661AC1CE5300BBCCED /* Image Search-Info.plist */ = {isa = PBXFileReference; lastKnownFileType = text.plist.xml; path = "Image Search-Info.plist"; sourceTree = "<group>"; };
		A2177E681AC1CE5300BBCCED /* en */ = {isa = PBXFileReference; lastKnownFileType = text.plist.strings; name = en; path = en.lproj/InfoPlist.strings; sourceTree = "<group>"; };
		A2177E6A1AC1CE5300BBCCED /* main.m */ = {isa = PBXFileReference; lastKnownFileType = sourcecode.c.objc; path = main.m; sourceTree = "<group>"; };
		A2177E6C1AC1CE5300BBCCED /* Image Search-Prefix.pch */ = {isa = PBXFileReference; lastKnownFileType = sourcecode.c.h; path = "Image Search-Prefix.pch"; sourceTree = "<group>"; };
		A2177E6D1AC1CE5300BBCCED /* APRAppDelegate.h */ = {isa = PBXFileReference; lastKnownFileType = sourcecode.c.h; path = APRAppDelegate.h; sourceTree = "<group>"; };
		A2177E6E1AC1CE5300BBCCED /* APRAppDelegate.m */ = {isa = PBXFileReference; lastKnownFileType = sourcecode.c.objc; path = APRAppDelegate.m; sourceTree = "<group>"; };
		A2177E711AC1CE5300BBCCED /* Base */ = {isa = PBXFileReference; lastKnownFileType = file.storyboard; name = Base; path = Base.lproj/Main.storyboard; sourceTree = "<group>"; };
		A2177E731AC1CE5300BBCCED /* APRViewController.h */ = {isa = PBXFileReference; lastKnownFileType = sourcecode.c.h; path = APRViewController.h; sourceTree = "<group>"; };
		A2177E741AC1CE5300BBCCED /* APRViewController.m */ = {isa = PBXFileReference; lastKnownFileType = sourcecode.c.objc; path = APRViewController.m; sourceTree = "<group>"; };
		A2177E761AC1CE5300BBCCED /* Images.xcassets */ = {isa = PBXFileReference; lastKnownFileType = folder.assetcatalog; path = Images.xcassets; sourceTree = "<group>"; };
		A261BB3C1AC39FE900653EC2 /* APRRestClient.h */ = {isa = PBXFileReference; fileEncoding = 4; lastKnownFileType = sourcecode.c.h; path = APRRestClient.h; sourceTree = "<group>"; };
		A261BB3D1AC39FE900653EC2 /* APRRestClient.m */ = {isa = PBXFileReference; fileEncoding = 4; lastKnownFileType = sourcecode.c.objc; path = APRRestClient.m; sourceTree = "<group>"; };
		A261BB3F1AC411E100653EC2 /* APRJSONModel.h */ = {isa = PBXFileReference; fileEncoding = 4; lastKnownFileType = sourcecode.c.h; path = APRJSONModel.h; sourceTree = "<group>"; };
		A261BB401AC411E100653EC2 /* APRJSONModel.m */ = {isa = PBXFileReference; fileEncoding = 4; lastKnownFileType = sourcecode.c.objc; path = APRJSONModel.m; sourceTree = "<group>"; };
		A261BB431AC59E2600653EC2 /* APRThumbnailImage.h */ = {isa = PBXFileReference; fileEncoding = 4; lastKnownFileType = sourcecode.c.h; path = APRThumbnailImage.h; sourceTree = "<group>"; };
		A261BB441AC59E2600653EC2 /* APRThumbnailImage.m */ = {isa = PBXFileReference; fileEncoding = 4; lastKnownFileType = sourcecode.c.objc; path = APRThumbnailImage.m; sourceTree = "<group>"; };
		A2C26A4F1AC2D7F30063938D /* MKAnnotationView+WebCache.h */ = {isa = PBXFileReference; fileEncoding = 4; lastKnownFileType = sourcecode.c.h; path = "MKAnnotationView+WebCache.h"; sourceTree = "<group>"; };
		A2C26A501AC2D7F30063938D /* MKAnnotationView+WebCache.m */ = {isa = PBXFileReference; fileEncoding = 4; lastKnownFileType = sourcecode.c.objc; path = "MKAnnotationView+WebCache.m"; sourceTree = "<group>"; };
		A2C26A511AC2D7F30063938D /* NSData+ImageContentType.h */ = {isa = PBXFileReference; fileEncoding = 4; lastKnownFileType = sourcecode.c.h; path = "NSData+ImageContentType.h"; sourceTree = "<group>"; };
		A2C26A521AC2D7F30063938D /* NSData+ImageContentType.m */ = {isa = PBXFileReference; fileEncoding = 4; lastKnownFileType = sourcecode.c.objc; path = "NSData+ImageContentType.m"; sourceTree = "<group>"; };
		A2C26A531AC2D7F30063938D /* SDImageCache.h */ = {isa = PBXFileReference; fileEncoding = 4; lastKnownFileType = sourcecode.c.h; path = SDImageCache.h; sourceTree = "<group>"; };
		A2C26A541AC2D7F30063938D /* SDImageCache.m */ = {isa = PBXFileReference; fileEncoding = 4; lastKnownFileType = sourcecode.c.objc; path = SDImageCache.m; sourceTree = "<group>"; };
		A2C26A551AC2D7F30063938D /* SDWebImageCompat.h */ = {isa = PBXFileReference; fileEncoding = 4; lastKnownFileType = sourcecode.c.h; path = SDWebImageCompat.h; sourceTree = "<group>"; };
		A2C26A561AC2D7F30063938D /* SDWebImageCompat.m */ = {isa = PBXFileReference; fileEncoding = 4; lastKnownFileType = sourcecode.c.objc; path = SDWebImageCompat.m; sourceTree = "<group>"; };
		A2C26A571AC2D7F30063938D /* SDWebImageDecoder.h */ = {isa = PBXFileReference; fileEncoding = 4; lastKnownFileType = sourcecode.c.h; path = SDWebImageDecoder.h; sourceTree = "<group>"; };
		A2C26A581AC2D7F30063938D /* SDWebImageDecoder.m */ = {isa = PBXFileReference; fileEncoding = 4; lastKnownFileType = sourcecode.c.objc; path = SDWebImageDecoder.m; sourceTree = "<group>"; };
		A2C26A591AC2D7F30063938D /* SDWebImageDownloader.h */ = {isa = PBXFileReference; fileEncoding = 4; lastKnownFileType = sourcecode.c.h; path = SDWebImageDownloader.h; sourceTree = "<group>"; };
		A2C26A5A1AC2D7F30063938D /* SDWebImageDownloader.m */ = {isa = PBXFileReference; fileEncoding = 4; lastKnownFileType = sourcecode.c.objc; path = SDWebImageDownloader.m; sourceTree = "<group>"; };
		A2C26A5B1AC2D7F30063938D /* SDWebImageDownloaderOperation.h */ = {isa = PBXFileReference; fileEncoding = 4; lastKnownFileType = sourcecode.c.h; path = SDWebImageDownloaderOperation.h; sourceTree = "<group>"; };
		A2C26A5C1AC2D7F30063938D /* SDWebImageDownloaderOperation.m */ = {isa = PBXFileReference; fileEncoding = 4; lastKnownFileType = sourcecode.c.objc; path = SDWebImageDownloaderOperation.m; sourceTree = "<group>"; };
		A2C26A5D1AC2D7F30063938D /* SDWebImageManager.h */ = {isa = PBXFileReference; fileEncoding = 4; lastKnownFileType = sourcecode.c.h; path = SDWebImageManager.h; sourceTree = "<group>"; };
		A2C26A5E1AC2D7F30063938D /* SDWebImageManager.m */ = {isa = PBXFileReference; fileEncoding = 4; lastKnownFileType = sourcecode.c.objc; path = SDWebImageManager.m; sourceTree = "<group>"; };
		A2C26A5F1AC2D7F30063938D /* SDWebImageOperation.h */ = {isa = PBXFileReference; fileEncoding = 4; lastKnownFileType = sourcecode.c.h; path = SDWebImageOperation.h; sourceTree = "<group>"; };
		A2C26A601AC2D7F30063938D /* SDWebImagePrefetcher.h */ = {isa = PBXFileReference; fileEncoding = 4; lastKnownFileType = sourcecode.c.h; path = SDWebImagePrefetcher.h; sourceTree = "<group>"; };
		A2C26A611AC2D7F30063938D /* SDWebImagePrefetcher.m */ = {isa = PBXFileReference; fileEncoding = 4; lastKnownFileType = sourcecode.c.objc; path = SDWebImagePrefetcher.m; sourceTree = "<group>"; };
		A2C26A621AC2D7F30063938D /* UIButton+WebCache.h */ = {isa = PBXFileReference; fileEncoding = 4; lastKnownFileType = sourcecode.c.h; path = "UIButton+WebCache.h"; sourceTree = "<group>"; };
		A2C26A631AC2D7F30063938D /* UIButton+WebCache.m */ = {isa = PBXFileReference; fileEncoding = 4; lastKnownFileType = sourcecode.c.objc; path = "UIButton+WebCache.m"; sourceTree = "<group>"; };
		A2C26A641AC2D7F30063938D /* UIImage+GIF.h */ = {isa = PBXFileReference; fileEncoding = 4; lastKnownFileType = sourcecode.c.h; path = "UIImage+GIF.h"; sourceTree = "<group>"; };
		A2C26A651AC2D7F30063938D /* UIImage+GIF.m */ = {isa = PBXFileReference; fileEncoding = 4; lastKnownFileType = sourcecode.c.objc; path = "UIImage+GIF.m"; sourceTree = "<group>"; };
		A2C26A661AC2D7F30063938D /* UIImage+MultiFormat.h */ = {isa = PBXFileReference; fileEncoding = 4; lastKnownFileType = sourcecode.c.h; path = "UIImage+MultiFormat.h"; sourceTree = "<group>"; };
		A2C26A671AC2D7F30063938D /* UIImage+MultiFormat.m */ = {isa = PBXFileReference; fileEncoding = 4; lastKnownFileType = sourcecode.c.objc; path = "UIImage+MultiFormat.m"; sourceTree = "<group>"; };
		A2C26A681AC2D7F30063938D /* UIImage+WebP.h */ = {isa = PBXFileReference; fileEncoding = 4; lastKnownFileType = sourcecode.c.h; path = "UIImage+WebP.h"; sourceTree = "<group>"; };
		A2C26A691AC2D7F30063938D /* UIImage+WebP.m */ = {isa = PBXFileReference; fileEncoding = 4; lastKnownFileType = sourcecode.c.objc; path = "UIImage+WebP.m"; sourceTree = "<group>"; };
		A2C26A6A1AC2D7F30063938D /* UIImageView+HighlightedWebCache.h */ = {isa = PBXFileReference; fileEncoding = 4; lastKnownFileType = sourcecode.c.h; path = "UIImageView+HighlightedWebCache.h"; sourceTree = "<group>"; };
		A2C26A6B1AC2D7F30063938D /* UIImageView+HighlightedWebCache.m */ = {isa = PBXFileReference; fileEncoding = 4; lastKnownFileType = sourcecode.c.objc; path = "UIImageView+HighlightedWebCache.m"; sourceTree = "<group>"; };
		A2C26A6C1AC2D7F30063938D /* UIImageView+WebCache.h */ = {isa = PBXFileReference; fileEncoding = 4; lastKnownFileType = sourcecode.c.h; path = "UIImageView+WebCache.h"; sourceTree = "<group>"; };
		A2C26A6D1AC2D7F30063938D /* UIImageView+WebCache.m */ = {isa = PBXFileReference; fileEncoding = 4; lastKnownFileType = sourcecode.c.objc; path = "UIImageView+WebCache.m"; sourceTree = "<group>"; };
		A2C26A6E1AC2D7F30063938D /* UIView+WebCacheOperation.h */ = {isa = PBXFileReference; fileEncoding = 4; lastKnownFileType = sourcecode.c.h; path = "UIView+WebCacheOperation.h"; sourceTree = "<group>"; };
		A2C26A6F1AC2D7F30063938D /* UIView+WebCacheOperation.m */ = {isa = PBXFileReference; fileEncoding = 4; lastKnownFileType = sourcecode.c.objc; path = "UIView+WebCacheOperation.m"; sourceTree = "<group>"; };
/* End PBXFileReference section */

/* Begin PBXFrameworksBuildPhase section */
		A2177E581AC1CE5300BBCCED /* Frameworks */ = {
			isa = PBXFrameworksBuildPhase;
			buildActionMask = 2147483647;
			files = (
				A2177E611AC1CE5300BBCCED /* CoreGraphics.framework in Frameworks */,
				A2177E631AC1CE5300BBCCED /* UIKit.framework in Frameworks */,
				A2177E5F1AC1CE5300BBCCED /* Foundation.framework in Frameworks */,
			);
			runOnlyForDeploymentPostprocessing = 0;
		};
/* End PBXFrameworksBuildPhase section */

/* Begin PBXGroup section */
		A2177E521AC1CE5300BBCCED = {
			isa = PBXGroup;
			children = (
				A261BB3B1AC36F4D00653EC2 /* Externals */,
				A2177E641AC1CE5300BBCCED /* Image Search */,
				A2177E5D1AC1CE5300BBCCED /* Frameworks */,
				A2177E5C1AC1CE5300BBCCED /* Products */,
				A210ABA61AC80D5800F6DFC6 /* README.md */,
			);
			sourceTree = "<group>";
		};
		A2177E5C1AC1CE5300BBCCED /* Products */ = {
			isa = PBXGroup;
			children = (
				A2177E5B1AC1CE5300BBCCED /* Image Search.app */,
			);
			name = Products;
			sourceTree = "<group>";
		};
		A2177E5D1AC1CE5300BBCCED /* Frameworks */ = {
			isa = PBXGroup;
			children = (
				A2177E5E1AC1CE5300BBCCED /* Foundation.framework */,
				A2177E601AC1CE5300BBCCED /* CoreGraphics.framework */,
				A2177E621AC1CE5300BBCCED /* UIKit.framework */,
			);
			name = Frameworks;
			sourceTree = "<group>";
		};
		A2177E641AC1CE5300BBCCED /* Image Search */ = {
			isa = PBXGroup;
			children = (
				A2FA21041ACC21EA0005B9A4 /* Controllers */,
				A2FA21031ACC21C70005B9A4 /* Views */,
				A261BB421AC411E700653EC2 /* Models */,
				A2453D051ACD442E00DFD824 /* Networking */,
				A210ABA31AC7F30C00F6DFC6 /* NSMutableArray+APRStreamArray.h */,
				A210ABA41AC7F30C00F6DFC6 /* NSMutableArray+APRStreamArray.m */,
				A2177E6D1AC1CE5300BBCCED /* APRAppDelegate.h */,
				A2177E6E1AC1CE5300BBCCED /* APRAppDelegate.m */,
				A2177E701AC1CE5300BBCCED /* Main.storyboard */,
				A2177E761AC1CE5300BBCCED /* Images.xcassets */,
				A2177E651AC1CE5300BBCCED /* Supporting Files */,
			);
			path = "Image Search";
			sourceTree = "<group>";
		};
		A2177E651AC1CE5300BBCCED /* Supporting Files */ = {
			isa = PBXGroup;
			children = (
				A2177E661AC1CE5300BBCCED /* Image Search-Info.plist */,
				A2177E671AC1CE5300BBCCED /* InfoPlist.strings */,
				A2177E6A1AC1CE5300BBCCED /* main.m */,
				A2177E6C1AC1CE5300BBCCED /* Image Search-Prefix.pch */,
			);
			name = "Supporting Files";
			sourceTree = "<group>";
		};
		A2453D051ACD442E00DFD824 /* Networking */ = {
			isa = PBXGroup;
			children = (
				A261BB3C1AC39FE900653EC2 /* APRRestClient.h */,
				A261BB3D1AC39FE900653EC2 /* APRRestClient.m */,
			);
			name = Networking;
			sourceTree = "<group>";
		};
		A261BB3B1AC36F4D00653EC2 /* Externals */ = {
			isa = PBXGroup;
			children = (
				A2C26A4E1AC2D7F30063938D /* SDWebImage */,
			);
			name = Externals;
			sourceTree = "<group>";
		};
		A261BB421AC411E700653EC2 /* Models */ = {
			isa = PBXGroup;
			children = (
				A261BB3F1AC411E100653EC2 /* APRJSONModel.h */,
				A261BB401AC411E100653EC2 /* APRJSONModel.m */,
				A261BB431AC59E2600653EC2 /* APRThumbnailImage.h */,
				A261BB441AC59E2600653EC2 /* APRThumbnailImage.m */,
				A210AB9B1AC6E1C200F6DFC6 /* APRResponseModel.h */,
				A210AB9C1AC6E1C200F6DFC6 /* APRResponseModel.m */,
			);
			name = Models;
			sourceTree = "<group>";
		};
		A2C26A4E1AC2D7F30063938D /* SDWebImage */ = {
			isa = PBXGroup;
			children = (
				A2C26A4F1AC2D7F30063938D /* MKAnnotationView+WebCache.h */,
				A2C26A501AC2D7F30063938D /* MKAnnotationView+WebCache.m */,
				A2C26A511AC2D7F30063938D /* NSData+ImageContentType.h */,
				A2C26A521AC2D7F30063938D /* NSData+ImageContentType.m */,
				A2C26A531AC2D7F30063938D /* SDImageCache.h */,
				A2C26A541AC2D7F30063938D /* SDImageCache.m */,
				A2C26A551AC2D7F30063938D /* SDWebImageCompat.h */,
				A2C26A561AC2D7F30063938D /* SDWebImageCompat.m */,
				A2C26A571AC2D7F30063938D /* SDWebImageDecoder.h */,
				A2C26A581AC2D7F30063938D /* SDWebImageDecoder.m */,
				A2C26A591AC2D7F30063938D /* SDWebImageDownloader.h */,
				A2C26A5A1AC2D7F30063938D /* SDWebImageDownloader.m */,
				A2C26A5B1AC2D7F30063938D /* SDWebImageDownloaderOperation.h */,
				A2C26A5C1AC2D7F30063938D /* SDWebImageDownloaderOperation.m */,
				A2C26A5D1AC2D7F30063938D /* SDWebImageManager.h */,
				A2C26A5E1AC2D7F30063938D /* SDWebImageManager.m */,
				A2C26A5F1AC2D7F30063938D /* SDWebImageOperation.h */,
				A2C26A601AC2D7F30063938D /* SDWebImagePrefetcher.h */,
				A2C26A611AC2D7F30063938D /* SDWebImagePrefetcher.m */,
				A2C26A621AC2D7F30063938D /* UIButton+WebCache.h */,
				A2C26A631AC2D7F30063938D /* UIButton+WebCache.m */,
				A2C26A641AC2D7F30063938D /* UIImage+GIF.h */,
				A2C26A651AC2D7F30063938D /* UIImage+GIF.m */,
				A2C26A661AC2D7F30063938D /* UIImage+MultiFormat.h */,
				A2C26A671AC2D7F30063938D /* UIImage+MultiFormat.m */,
				A2C26A681AC2D7F30063938D /* UIImage+WebP.h */,
				A2C26A691AC2D7F30063938D /* UIImage+WebP.m */,
				A2C26A6A1AC2D7F30063938D /* UIImageView+HighlightedWebCache.h */,
				A2C26A6B1AC2D7F30063938D /* UIImageView+HighlightedWebCache.m */,
				A2C26A6C1AC2D7F30063938D /* UIImageView+WebCache.h */,
				A2C26A6D1AC2D7F30063938D /* UIImageView+WebCache.m */,
				A2C26A6E1AC2D7F30063938D /* UIView+WebCacheOperation.h */,
				A2C26A6F1AC2D7F30063938D /* UIView+WebCacheOperation.m */,
			);
			path = SDWebImage;
			sourceTree = "<group>";
		};
		A2FA21031ACC21C70005B9A4 /* Views */ = {
			isa = PBXGroup;
			children = (
				A204B5C31AC1D27400FB2618 /* APRCollectionViewCell.h */,
				A204B5C41AC1D27400FB2618 /* APRCollectionViewCell.m */,
			);
			name = Views;
			sourceTree = "<group>";
		};
		A2FA21041ACC21EA0005B9A4 /* Controllers */ = {
			isa = PBXGroup;
			children = (
				A2177E731AC1CE5300BBCCED /* APRViewController.h */,
				A2177E741AC1CE5300BBCCED /* APRViewController.m */,
			);
			name = Controllers;
			sourceTree = "<group>";
		};
/* End PBXGroup section */

/* Begin PBXNativeTarget section */
		A2177E5A1AC1CE5300BBCCED /* Image Search */ = {
			isa = PBXNativeTarget;
			buildConfigurationList = A2177E8D1AC1CE5300BBCCED /* Build configuration list for PBXNativeTarget "Image Search" */;
			buildPhases = (
				A2177E571AC1CE5300BBCCED /* Sources */,
				A2177E581AC1CE5300BBCCED /* Frameworks */,
				A2177E591AC1CE5300BBCCED /* Resources */,
			);
			buildRules = (
			);
			dependencies = (
			);
			name = "Image Search";
			productName = "Image Search";
			productReference = A2177E5B1AC1CE5300BBCCED /* Image Search.app */;
			productType = "com.apple.product-type.application";
		};
/* End PBXNativeTarget section */

/* Begin PBXProject section */
		A2177E531AC1CE5300BBCCED /* Project object */ = {
			isa = PBXProject;
			attributes = {
				CLASSPREFIX = APR;
				LastUpgradeCheck = 0510;
				ORGANIZATIONNAME = Apro;
				TargetAttributes = {
					A2177E5A1AC1CE5300BBCCED = {
						SystemCapabilities = {
							com.apple.BackgroundModes = {
								enabled = 0;
							};
						};
					};
				};
			};
			buildConfigurationList = A2177E561AC1CE5300BBCCED /* Build configuration list for PBXProject "Image Search" */;
			compatibilityVersion = "Xcode 3.2";
			developmentRegion = English;
			hasScannedForEncodings = 0;
			knownRegions = (
				en,
				Base,
			);
			mainGroup = A2177E521AC1CE5300BBCCED;
			productRefGroup = A2177E5C1AC1CE5300BBCCED /* Products */;
			projectDirPath = "";
			projectRoot = "";
			targets = (
				A2177E5A1AC1CE5300BBCCED /* Image Search */,
			);
		};
/* End PBXProject section */

/* Begin PBXResourcesBuildPhase section */
		A2177E591AC1CE5300BBCCED /* Resources */ = {
			isa = PBXResourcesBuildPhase;
			buildActionMask = 2147483647;
			files = (
				A2177E771AC1CE5300BBCCED /* Images.xcassets in Resources */,
				A2177E691AC1CE5300BBCCED /* InfoPlist.strings in Resources */,
				A2177E721AC1CE5300BBCCED /* Main.storyboard in Resources */,
			);
			runOnlyForDeploymentPostprocessing = 0;
		};
/* End PBXResourcesBuildPhase section */

/* Begin PBXSourcesBuildPhase section */
		A2177E571AC1CE5300BBCCED /* Sources */ = {
			isa = PBXSourcesBuildPhase;
			buildActionMask = 2147483647;
			files = (
				A2C26A7D1AC2D7F30063938D /* UIImageView+HighlightedWebCache.m in Sources */,
				A2C26A7B1AC2D7F30063938D /* UIImage+MultiFormat.m in Sources */,
				A261BB451AC59E2600653EC2 /* APRThumbnailImage.m in Sources */,
				A2C26A761AC2D7F30063938D /* SDWebImageDownloaderOperation.m in Sources */,
				A2177E6F1AC1CE5300BBCCED /* APRAppDelegate.m in Sources */,
				A261BB411AC411E100653EC2 /* APRJSONModel.m in Sources */,
				A2C26A731AC2D7F30063938D /* SDWebImageCompat.m in Sources */,
				A2C26A7A1AC2D7F30063938D /* UIImage+GIF.m in Sources */,
				A2C26A781AC2D7F30063938D /* SDWebImagePrefetcher.m in Sources */,
				A2177E6B1AC1CE5300BBCCED /* main.m in Sources */,
				A2177E751AC1CE5300BBCCED /* APRViewController.m in Sources */,
				A2C26A7C1AC2D7F30063938D /* UIImage+WebP.m in Sources */,
				A210ABA51AC7F30C00F6DFC6 /* NSMutableArray+APRStreamArray.m in Sources */,
				A2C26A7E1AC2D7F30063938D /* UIImageView+WebCache.m in Sources */,
				A2C26A751AC2D7F30063938D /* SDWebImageDownloader.m in Sources */,
				A2C26A7F1AC2D7F30063938D /* UIView+WebCacheOperation.m in Sources */,
				A2C26A791AC2D7F30063938D /* UIButton+WebCache.m in Sources */,
				A2C26A701AC2D7F30063938D /* MKAnnotationView+WebCache.m in Sources */,
				A2C26A711AC2D7F30063938D /* NSData+ImageContentType.m in Sources */,
				A204B5C51AC1D27400FB2618 /* APRCollectionViewCell.m in Sources */,
				A2C26A771AC2D7F30063938D /* SDWebImageManager.m in Sources */,
				A261BB3E1AC39FE900653EC2 /* APRRestClient.m in Sources */,
				A2C26A741AC2D7F30063938D /* SDWebImageDecoder.m in Sources */,
				A210AB9D1AC6E1C200F6DFC6 /* APRResponseModel.m in Sources */,
				A2C26A721AC2D7F30063938D /* SDImageCache.m in Sources */,
			);
			runOnlyForDeploymentPostprocessing = 0;
		};
/* End PBXSourcesBuildPhase section */

/* Begin PBXVariantGroup section */
		A2177E671AC1CE5300BBCCED /* InfoPlist.strings */ = {
			isa = PBXVariantGroup;
			children = (
				A2177E681AC1CE5300BBCCED /* en */,
			);
			name = InfoPlist.strings;
			sourceTree = "<group>";
		};
		A2177E701AC1CE5300BBCCED /* Main.storyboard */ = {
			isa = PBXVariantGroup;
			children = (
				A2177E711AC1CE5300BBCCED /* Base */,
			);
			name = Main.storyboard;
			sourceTree = "<group>";
		};
/* End PBXVariantGroup section */

/* Begin XCBuildConfiguration section */
		A2177E8B1AC1CE5300BBCCED /* Debug */ = {
			isa = XCBuildConfiguration;
			buildSettings = {
				ALWAYS_SEARCH_USER_PATHS = NO;
				CLANG_CXX_LANGUAGE_STANDARD = "gnu++0x";
				CLANG_CXX_LIBRARY = "libc++";
				CLANG_ENABLE_MODULES = YES;
				CLANG_ENABLE_OBJC_ARC = YES;
				CLANG_WARN_BOOL_CONVERSION = YES;
				CLANG_WARN_CONSTANT_CONVERSION = YES;
				CLANG_WARN_DIRECT_OBJC_ISA_USAGE = YES_ERROR;
				CLANG_WARN_EMPTY_BODY = YES;
				CLANG_WARN_ENUM_CONVERSION = YES;
				CLANG_WARN_INT_CONVERSION = YES;
				CLANG_WARN_OBJC_ROOT_CLASS = YES_ERROR;
				CLANG_WARN__DUPLICATE_METHOD_MATCH = YES;
				"CODE_SIGN_IDENTITY[sdk=iphoneos*]" = "iPhone Developer";
				COPY_PHASE_STRIP = NO;
				GCC_C_LANGUAGE_STANDARD = gnu99;
				GCC_DYNAMIC_NO_PIC = NO;
				GCC_OPTIMIZATION_LEVEL = 0;
				GCC_PREPROCESSOR_DEFINITIONS = (
					"DEBUG=1",
					"$(inherited)",
				);
				GCC_SYMBOLS_PRIVATE_EXTERN = NO;
				GCC_WARN_64_TO_32_BIT_CONVERSION = YES;
				GCC_WARN_ABOUT_RETURN_TYPE = YES_ERROR;
				GCC_WARN_UNDECLARED_SELECTOR = YES;
				GCC_WARN_UNINITIALIZED_AUTOS = YES_AGGRESSIVE;
				GCC_WARN_UNUSED_FUNCTION = YES;
				GCC_WARN_UNUSED_VARIABLE = YES;
				IPHONEOS_DEPLOYMENT_TARGET = 7.0;
				ONLY_ACTIVE_ARCH = YES;
				SDKROOT = iphoneos;
			};
			name = Debug;
		};
		A2177E8C1AC1CE5300BBCCED /* Release */ = {
			isa = XCBuildConfiguration;
			buildSettings = {
				ALWAYS_SEARCH_USER_PATHS = NO;
				CLANG_CXX_LANGUAGE_STANDARD = "gnu++0x";
				CLANG_CXX_LIBRARY = "libc++";
				CLANG_ENABLE_MODULES = YES;
				CLANG_ENABLE_OBJC_ARC = YES;
				CLANG_WARN_BOOL_CONVERSION = YES;
				CLANG_WARN_CONSTANT_CONVERSION = YES;
				CLANG_WARN_DIRECT_OBJC_ISA_USAGE = YES_ERROR;
				CLANG_WARN_EMPTY_BODY = YES;
				CLANG_WARN_ENUM_CONVERSION = YES;
				CLANG_WARN_INT_CONVERSION = YES;
				CLANG_WARN_OBJC_ROOT_CLASS = YES_ERROR;
				CLANG_WARN__DUPLICATE_METHOD_MATCH = YES;
				"CODE_SIGN_IDENTITY[sdk=iphoneos*]" = "iPhone Developer";
				COPY_PHASE_STRIP = YES;
				ENABLE_NS_ASSERTIONS = NO;
				GCC_C_LANGUAGE_STANDARD = gnu99;
				GCC_WARN_64_TO_32_BIT_CONVERSION = YES;
				GCC_WARN_ABOUT_RETURN_TYPE = YES_ERROR;
				GCC_WARN_UNDECLARED_SELECTOR = YES;
				GCC_WARN_UNINITIALIZED_AUTOS = YES_AGGRESSIVE;
				GCC_WARN_UNUSED_FUNCTION = YES;
				GCC_WARN_UNUSED_VARIABLE = YES;
				IPHONEOS_DEPLOYMENT_TARGET = 7.0;
				SDKROOT = iphoneos;
				VALIDATE_PRODUCT = YES;
			};
			name = Release;
		};
		A2177E8E1AC1CE5300BBCCED /* Debug */ = {
			isa = XCBuildConfiguration;
			buildSettings = {
				ASSETCATALOG_COMPILER_APPICON_NAME = AppIcon;
				ASSETCATALOG_COMPILER_LAUNCHIMAGE_NAME = LaunchImage;
				GCC_PRECOMPILE_PREFIX_HEADER = YES;
				GCC_PREFIX_HEADER = "Image Search/Image Search-Prefix.pch";
				INFOPLIST_FILE = "Image Search/Image Search-Info.plist";
				IPHONEOS_DEPLOYMENT_TARGET = 7.0;
				PRODUCT_NAME = "$(TARGET_NAME)";
				TARGETED_DEVICE_FAMILY = 1;
				WRAPPER_EXTENSION = app;
			};
			name = Debug;
		};
		A2177E8F1AC1CE5300BBCCED /* Release */ = {
			isa = XCBuildConfiguration;
			buildSettings = {
				ASSETCATALOG_COMPILER_APPICON_NAME = AppIcon;
				ASSETCATALOG_COMPILER_LAUNCHIMAGE_NAME = LaunchImage;
				GCC_PRECOMPILE_PREFIX_HEADER = YES;
				GCC_PREFIX_HEADER = "Image Search/Image Search-Prefix.pch";
				INFOPLIST_FILE = "Image Search/Image Search-Info.plist";
				IPHONEOS_DEPLOYMENT_TARGET = 7.0;
				PRODUCT_NAME = "$(TARGET_NAME)";
				TARGETED_DEVICE_FAMILY = 1;
				WRAPPER_EXTENSION = app;
			};
			name = Release;
		};
/* End XCBuildConfiguration section */

/* Begin XCConfigurationList section */
		A2177E561AC1CE5300BBCCED /* Build configuration list for PBXProject "Image Search" */ = {
			isa = XCConfigurationList;
			buildConfigurations = (
				A2177E8B1AC1CE5300BBCCED /* Debug */,
				A2177E8C1AC1CE5300BBCCED /* Release */,
			);
			defaultConfigurationIsVisible = 0;
			defaultConfigurationName = Release;
		};
		A2177E8D1AC1CE5300BBCCED /* Build configuration list for PBXNativeTarget "Image Search" */ = {
			isa = XCConfigurationList;
			buildConfigurations = (
				A2177E8E1AC1CE5300BBCCED /* Debug */,
				A2177E8F1AC1CE5300BBCCED /* Release */,
			);
			defaultConfigurationIsVisible = 0;
			defaultConfigurationName = Release;
		};
/* End XCConfigurationList section */
	};
	rootObject = A2177E531AC1CE5300BBCCED /* Project object */;
}
