// !$*UTF8*$!
{
	archiveVersion = 1;
	classes = {
	};
	objectVersion = 46;
	objects = {

/* Begin PBXBuildFile section */
		A204B5C51AC1D27400FB2618 /* APRCollectionViewCell.m in Sources */ = {isa = PBXBuildFile; fileRef = A204B5C41AC1D27400FB2618 /* APRCollectionViewCell.m */; };
		A210AB9D1AC6E1C200F6DFC6 /* APRResponseModel.m in Sources */ = {isa = PBXBuildFile; fileRef = A210AB9C1AC6E1C200F6DFC6 /* APRResponseModel.m */; };
		A210ABA51AC7F30C00F6DFC6 /* NSMutableArray+APRStreamArray.m in Sources */ = {isa = PBXBuildFile; fileRef = A210ABA41AC7F30C00F6DFC6 /* NSMutableArray+APRStreamArray.m */; };
		A2177E5F1AC1CE5300BBCCED /* Foundation.framework in Frameworks */ = {isa = PBXBuildFile; fileRef = A2177E5E1AC1CE5300BBCCED /* Foundation.framework */; };
		A2177E611AC1CE5300BBCCED /* CoreGraphics.framework in Frameworks */ = {isa = PBXBuildFile; fileRef = A2177E601AC1CE5300BBCCED /* CoreGraphics.framework */; };
		A2177E631AC1CE5300BBCCED /* UIKit.framework in Frameworks */ = {isa = PBXBuildFile; fileRef = A2177E621AC1CE5300BBCCED /* UIKit.framework */; };
		A2177E691AC1CE5300BBCCED /* InfoPlist.strings in Resources */ = {isa = PBXBuildFile; fileRef = A2177E671AC1CE5300BBCCED /* InfoPlist.strings */; };
		A2177E6B1AC1CE5300BBCCED /* main.m in Sources */ = {isa = PBXBuildFile; fileRef = A2177E6A1AC1CE5300BBCCED /* main.m */; };
		A2177E6F1AC1CE5300BBCCED /* APRAppDelegate.m in Sources */ = {isa = PBXBuildFile; fileRef = A2177E6E1AC1CE5300BBCCED /* APRAppDelegate.m */; };
		A2177E721AC1CE5300BBCCED /* Main.storyboard in Resources */ = {isa = PBXBuildFile; fileRef = A2177E701AC1CE5300BBCCED /* Main.storyboard */; };
		A2177E751AC1CE5300BBCCED /* APRViewController.m in Sources */ = {isa = PBXBuildFile; fileRef = A2177E741AC1CE5300BBCCED /* APRViewController.m */; };
		A2177E771AC1CE5300BBCCED /* Images.xcassets in Resources */ = {isa = PBXBuildFile; fileRef = A2177E761AC1CE5300BBCCED /* Images.xcassets */; };
		A261BB3E1AC39FE900653EC2 /* APRRestClient.m in Sources */ = {isa = PBXBuildFile; fileRef = A261BB3D1AC39FE900653EC2 /* APRRestClient.m */; };
		A261BB411AC411E100653EC2 /* APRJSONModel.m in Sources */ = {isa = PBXBuildFile; fileRef = A261BB401AC411E100653EC2 /* APRJSONModel.m */; };
		A261BB451AC59E2600653EC2 /* APRThumbnailImage.m in Sources */ = {isa = PBXBuildFile; fileRef = A261BB441AC59E2600653EC2 /* APRThumbnailImage.m */; };
		A29EE9421ACED10800CD063A /* Image_Search_Tests.m in Sources */ = {isa = PBXBuildFile; fileRef = A29EE9411ACED10800CD063A /* Image_Search_Tests.m */; };
		FF4F06510B6AB8DC87672DF0 /* libPods-Image Search.a in Frameworks */ = {isa = PBXBuildFile; fileRef = CB2BB6089215570A528BED47 /* libPods-Image Search.a */; };
/* End PBXBuildFile section */

/* Begin PBXContainerItemProxy section */
		A29EE9431ACED10800CD063A /* PBXContainerItemProxy */ = {
			isa = PBXContainerItemProxy;
			containerPortal = A2177E531AC1CE5300BBCCED /* Project object */;
			proxyType = 1;
			remoteGlobalIDString = A2177E5A1AC1CE5300BBCCED;
			remoteInfo = "Image Search";
		};
/* End PBXContainerItemProxy section */

/* Begin PBXFileReference section */
		199D0148679E487ED8BAC1E6 /* Pods-Image Search.debug.xcconfig */ = {isa = PBXFileReference; includeInIndex = 1; lastKnownFileType = text.xcconfig; name = "Pods-Image Search.debug.xcconfig"; path = "Pods/Target Support Files/Pods-Image Search/Pods-Image Search.debug.xcconfig"; sourceTree = "<group>"; };
		1DD8FB76BEFB0758143BCBB6 /* Pods-Image Search.release.xcconfig */ = {isa = PBXFileReference; includeInIndex = 1; lastKnownFileType = text.xcconfig; name = "Pods-Image Search.release.xcconfig"; path = "Pods/Target Support Files/Pods-Image Search/Pods-Image Search.release.xcconfig"; sourceTree = "<group>"; };
		A204B5C31AC1D27400FB2618 /* APRCollectionViewCell.h */ = {isa = PBXFileReference; fileEncoding = 4; lastKnownFileType = sourcecode.c.h; path = APRCollectionViewCell.h; sourceTree = "<group>"; };
		A204B5C41AC1D27400FB2618 /* APRCollectionViewCell.m */ = {isa = PBXFileReference; fileEncoding = 4; lastKnownFileType = sourcecode.c.objc; path = APRCollectionViewCell.m; sourceTree = "<group>"; };
		A210AB9B1AC6E1C200F6DFC6 /* APRResponseModel.h */ = {isa = PBXFileReference; fileEncoding = 4; lastKnownFileType = sourcecode.c.h; path = APRResponseModel.h; sourceTree = "<group>"; };
		A210AB9C1AC6E1C200F6DFC6 /* APRResponseModel.m */ = {isa = PBXFileReference; fileEncoding = 4; lastKnownFileType = sourcecode.c.objc; path = APRResponseModel.m; sourceTree = "<group>"; };
		A210ABA31AC7F30C00F6DFC6 /* NSMutableArray+APRStreamArray.h */ = {isa = PBXFileReference; fileEncoding = 4; lastKnownFileType = sourcecode.c.h; path = "NSMutableArray+APRStreamArray.h"; sourceTree = "<group>"; };
		A210ABA41AC7F30C00F6DFC6 /* NSMutableArray+APRStreamArray.m */ = {isa = PBXFileReference; fileEncoding = 4; lastKnownFileType = sourcecode.c.objc; path = "NSMutableArray+APRStreamArray.m"; sourceTree = "<group>"; };
		A210ABA61AC80D5800F6DFC6 /* README.md */ = {isa = PBXFileReference; lastKnownFileType = net.daringfireball.markdown; path = README.md; sourceTree = "<group>"; };
		A2177E5B1AC1CE5300BBCCED /* Image Search.app */ = {isa = PBXFileReference; explicitFileType = wrapper.application; includeInIndex = 0; path = "Image Search.app"; sourceTree = BUILT_PRODUCTS_DIR; };
		A2177E5E1AC1CE5300BBCCED /* Foundation.framework */ = {isa = PBXFileReference; lastKnownFileType = wrapper.framework; name = Foundation.framework; path = System/Library/Frameworks/Foundation.framework; sourceTree = SDKROOT; };
		A2177E601AC1CE5300BBCCED /* CoreGraphics.framework */ = {isa = PBXFileReference; lastKnownFileType = wrapper.framework; name = CoreGraphics.framework; path = System/Library/Frameworks/CoreGraphics.framework; sourceTree = SDKROOT; };
		A2177E621AC1CE5300BBCCED /* UIKit.framework */ = {isa = PBXFileReference; lastKnownFileType = wrapper.framework; name = UIKit.framework; path = System/Library/Frameworks/UIKit.framework; sourceTree = SDKROOT; };
		A2177E661AC1CE5300BBCCED /* Image Search-Info.plist */ = {isa = PBXFileReference; lastKnownFileType = text.plist.xml; path = "Image Search-Info.plist"; sourceTree = "<group>"; };
		A2177E681AC1CE5300BBCCED /* en */ = {isa = PBXFileReference; lastKnownFileType = text.plist.strings; name = en; path = en.lproj/InfoPlist.strings; sourceTree = "<group>"; };
		A2177E6A1AC1CE5300BBCCED /* main.m */ = {isa = PBXFileReference; lastKnownFileType = sourcecode.c.objc; path = main.m; sourceTree = "<group>"; };
		A2177E6C1AC1CE5300BBCCED /* Image Search-Prefix.pch */ = {isa = PBXFileReference; lastKnownFileType = sourcecode.c.h; path = "Image Search-Prefix.pch"; sourceTree = "<group>"; };
		A2177E6D1AC1CE5300BBCCED /* APRAppDelegate.h */ = {isa = PBXFileReference; lastKnownFileType = sourcecode.c.h; path = APRAppDelegate.h; sourceTree = "<group>"; };
		A2177E6E1AC1CE5300BBCCED /* APRAppDelegate.m */ = {isa = PBXFileReference; lastKnownFileType = sourcecode.c.objc; path = APRAppDelegate.m; sourceTree = "<group>"; };
		A2177E711AC1CE5300BBCCED /* Base */ = {isa = PBXFileReference; lastKnownFileType = file.storyboard; name = Base; path = Base.lproj/Main.storyboard; sourceTree = "<group>"; };
		A2177E731AC1CE5300BBCCED /* APRViewController.h */ = {isa = PBXFileReference; lastKnownFileType = sourcecode.c.h; path = APRViewController.h; sourceTree = "<group>"; };
		A2177E741AC1CE5300BBCCED /* APRViewController.m */ = {isa = PBXFileReference; lastKnownFileType = sourcecode.c.objc; path = APRViewController.m; sourceTree = "<group>"; };
		A2177E761AC1CE5300BBCCED /* Images.xcassets */ = {isa = PBXFileReference; lastKnownFileType = folder.assetcatalog; path = Images.xcassets; sourceTree = "<group>"; };
		A261BB3C1AC39FE900653EC2 /* APRRestClient.h */ = {isa = PBXFileReference; fileEncoding = 4; lastKnownFileType = sourcecode.c.h; path = APRRestClient.h; sourceTree = "<group>"; };
		A261BB3D1AC39FE900653EC2 /* APRRestClient.m */ = {isa = PBXFileReference; fileEncoding = 4; lastKnownFileType = sourcecode.c.objc; path = APRRestClient.m; sourceTree = "<group>"; };
		A261BB3F1AC411E100653EC2 /* APRJSONModel.h */ = {isa = PBXFileReference; fileEncoding = 4; lastKnownFileType = sourcecode.c.h; path = APRJSONModel.h; sourceTree = "<group>"; };
		A261BB401AC411E100653EC2 /* APRJSONModel.m */ = {isa = PBXFileReference; fileEncoding = 4; lastKnownFileType = sourcecode.c.objc; path = APRJSONModel.m; sourceTree = "<group>"; };
		A261BB431AC59E2600653EC2 /* APRThumbnailImage.h */ = {isa = PBXFileReference; fileEncoding = 4; lastKnownFileType = sourcecode.c.h; path = APRThumbnailImage.h; sourceTree = "<group>"; };
		A261BB441AC59E2600653EC2 /* APRThumbnailImage.m */ = {isa = PBXFileReference; fileEncoding = 4; lastKnownFileType = sourcecode.c.objc; path = APRThumbnailImage.m; sourceTree = "<group>"; };
		A29EE93D1ACED10800CD063A /* Image Search Tests.xctest */ = {isa = PBXFileReference; explicitFileType = wrapper.cfbundle; includeInIndex = 0; path = "Image Search Tests.xctest"; sourceTree = BUILT_PRODUCTS_DIR; };
		A29EE9401ACED10800CD063A /* Info.plist */ = {isa = PBXFileReference; lastKnownFileType = text.plist.xml; path = Info.plist; sourceTree = "<group>"; };
		A29EE9411ACED10800CD063A /* Image_Search_Tests.m */ = {isa = PBXFileReference; lastKnownFileType = sourcecode.c.objc; path = Image_Search_Tests.m; sourceTree = "<group>"; };
		CB2BB6089215570A528BED47 /* libPods-Image Search.a */ = {isa = PBXFileReference; explicitFileType = archive.ar; includeInIndex = 0; path = "libPods-Image Search.a"; sourceTree = BUILT_PRODUCTS_DIR; };
/* End PBXFileReference section */

/* Begin PBXFrameworksBuildPhase section */
		A2177E581AC1CE5300BBCCED /* Frameworks */ = {
			isa = PBXFrameworksBuildPhase;
			buildActionMask = 2147483647;
			files = (
				A2177E611AC1CE5300BBCCED /* CoreGraphics.framework in Frameworks */,
				A2177E631AC1CE5300BBCCED /* UIKit.framework in Frameworks */,
				A2177E5F1AC1CE5300BBCCED /* Foundation.framework in Frameworks */,
				FF4F06510B6AB8DC87672DF0 /* libPods-Image Search.a in Frameworks */,
			);
			runOnlyForDeploymentPostprocessing = 0;
		};
		A29EE93A1ACED10800CD063A /* Frameworks */ = {
			isa = PBXFrameworksBuildPhase;
			buildActionMask = 2147483647;
			files = (
			);
			runOnlyForDeploymentPostprocessing = 0;
		};
/* End PBXFrameworksBuildPhase section */

/* Begin PBXGroup section */
		A2177E521AC1CE5300BBCCED = {
			isa = PBXGroup;
			children = (
				A2177E641AC1CE5300BBCCED /* Image Search */,
				A29EE93E1ACED10800CD063A /* Image Search Tests */,
				A2177E5D1AC1CE5300BBCCED /* Frameworks */,
				A2177E5C1AC1CE5300BBCCED /* Products */,
				A210ABA61AC80D5800F6DFC6 /* README.md */,
				A46CBF0750C7413B4ED83512 /* Pods */,
			);
			sourceTree = "<group>";
		};
		A2177E5C1AC1CE5300BBCCED /* Products */ = {
			isa = PBXGroup;
			children = (
				A2177E5B1AC1CE5300BBCCED /* Image Search.app */,
				A29EE93D1ACED10800CD063A /* Image Search Tests.xctest */,
			);
			name = Products;
			sourceTree = "<group>";
		};
		A2177E5D1AC1CE5300BBCCED /* Frameworks */ = {
			isa = PBXGroup;
			children = (
				A2177E5E1AC1CE5300BBCCED /* Foundation.framework */,
				A2177E601AC1CE5300BBCCED /* CoreGraphics.framework */,
				A2177E621AC1CE5300BBCCED /* UIKit.framework */,
				CB2BB6089215570A528BED47 /* libPods-Image Search.a */,
			);
			name = Frameworks;
			sourceTree = "<group>";
		};
		A2177E641AC1CE5300BBCCED /* Image Search */ = {
			isa = PBXGroup;
			children = (
				A2FA21041ACC21EA0005B9A4 /* Controllers */,
				A2FA21031ACC21C70005B9A4 /* Views */,
				A261BB421AC411E700653EC2 /* Models */,
				A2453D051ACD442E00DFD824 /* Networking */,
				A210ABA31AC7F30C00F6DFC6 /* NSMutableArray+APRStreamArray.h */,
				A210ABA41AC7F30C00F6DFC6 /* NSMutableArray+APRStreamArray.m */,
				A2177E6D1AC1CE5300BBCCED /* APRAppDelegate.h */,
				A2177E6E1AC1CE5300BBCCED /* APRAppDelegate.m */,
				A2177E701AC1CE5300BBCCED /* Main.storyboard */,
				A2177E761AC1CE5300BBCCED /* Images.xcassets */,
				A2177E651AC1CE5300BBCCED /* Supporting Files */,
			);
			path = "Image Search";
			sourceTree = "<group>";
		};
		A2177E651AC1CE5300BBCCED /* Supporting Files */ = {
			isa = PBXGroup;
			children = (
				A2177E661AC1CE5300BBCCED /* Image Search-Info.plist */,
				A2177E671AC1CE5300BBCCED /* InfoPlist.strings */,
				A2177E6A1AC1CE5300BBCCED /* main.m */,
				A2177E6C1AC1CE5300BBCCED /* Image Search-Prefix.pch */,
			);
			name = "Supporting Files";
			sourceTree = "<group>";
		};
		A2453D051ACD442E00DFD824 /* Networking */ = {
			isa = PBXGroup;
			children = (
				A261BB3C1AC39FE900653EC2 /* APRRestClient.h */,
				A261BB3D1AC39FE900653EC2 /* APRRestClient.m */,
			);
			name = Networking;
			sourceTree = "<group>";
		};
		A261BB421AC411E700653EC2 /* Models */ = {
			isa = PBXGroup;
			children = (
				A261BB3F1AC411E100653EC2 /* APRJSONModel.h */,
				A261BB401AC411E100653EC2 /* APRJSONModel.m */,
				A261BB431AC59E2600653EC2 /* APRThumbnailImage.h */,
				A261BB441AC59E2600653EC2 /* APRThumbnailImage.m */,
				A210AB9B1AC6E1C200F6DFC6 /* APRResponseModel.h */,
				A210AB9C1AC6E1C200F6DFC6 /* APRResponseModel.m */,
			);
			name = Models;
			sourceTree = "<group>";
		};
		A29EE93E1ACED10800CD063A /* Image Search Tests */ = {
			isa = PBXGroup;
			children = (
				A29EE9411ACED10800CD063A /* Image_Search_Tests.m */,
				A29EE93F1ACED10800CD063A /* Supporting Files */,
			);
			path = "Image Search Tests";
			sourceTree = "<group>";
		};
		A29EE93F1ACED10800CD063A /* Supporting Files */ = {
			isa = PBXGroup;
			children = (
				A29EE9401ACED10800CD063A /* Info.plist */,
			);
			name = "Supporting Files";
			sourceTree = "<group>";
		};
		A2FA21031ACC21C70005B9A4 /* Views */ = {
			isa = PBXGroup;
			children = (
				A204B5C31AC1D27400FB2618 /* APRCollectionViewCell.h */,
				A204B5C41AC1D27400FB2618 /* APRCollectionViewCell.m */,
			);
			name = Views;
			sourceTree = "<group>";
		};
		A2FA21041ACC21EA0005B9A4 /* Controllers */ = {
			isa = PBXGroup;
			children = (
				A2177E731AC1CE5300BBCCED /* APRViewController.h */,
				A2177E741AC1CE5300BBCCED /* APRViewController.m */,
			);
			name = Controllers;
			sourceTree = "<group>";
		};
		A46CBF0750C7413B4ED83512 /* Pods */ = {
			isa = PBXGroup;
			children = (
				199D0148679E487ED8BAC1E6 /* Pods-Image Search.debug.xcconfig */,
				1DD8FB76BEFB0758143BCBB6 /* Pods-Image Search.release.xcconfig */,
			);
			name = Pods;
			sourceTree = "<group>";
		};
/* End PBXGroup section */

/* Begin PBXNativeTarget section */
		A2177E5A1AC1CE5300BBCCED /* Image Search */ = {
			isa = PBXNativeTarget;
			buildConfigurationList = A2177E8D1AC1CE5300BBCCED /* Build configuration list for PBXNativeTarget "Image Search" */;
			buildPhases = (
				720E84BCEACC6D5A4E11A797 /* Check Pods Manifest.lock */,
				A2177E571AC1CE5300BBCCED /* Sources */,
				A2177E581AC1CE5300BBCCED /* Frameworks */,
				A2177E591AC1CE5300BBCCED /* Resources */,
				36DC7CB70B7B4FDD334B42FF /* Copy Pods Resources */,
			);
			buildRules = (
			);
			dependencies = (
			);
			name = "Image Search";
			productName = "Image Search";
			productReference = A2177E5B1AC1CE5300BBCCED /* Image Search.app */;
			productType = "com.apple.product-type.application";
		};
		A29EE93C1ACED10800CD063A /* Image Search Tests */ = {
			isa = PBXNativeTarget;
			buildConfigurationList = A29EE9471ACED10800CD063A /* Build configuration list for PBXNativeTarget "Image Search Tests" */;
			buildPhases = (
				A29EE9391ACED10800CD063A /* Sources */,
				A29EE93A1ACED10800CD063A /* Frameworks */,
				A29EE93B1ACED10800CD063A /* Resources */,
			);
			buildRules = (
			);
			dependencies = (
				A29EE9441ACED10800CD063A /* PBXTargetDependency */,
			);
			name = "Image Search Tests";
			productName = "Image Search Tests";
			productReference = A29EE93D1ACED10800CD063A /* Image Search Tests.xctest */;
			productType = "com.apple.product-type.bundle.unit-test";
		};
/* End PBXNativeTarget section */

/* Begin PBXProject section */
		A2177E531AC1CE5300BBCCED /* Project object */ = {
			isa = PBXProject;
			attributes = {
				CLASSPREFIX = APR;
				LastUpgradeCheck = 0510;
				ORGANIZATIONNAME = Apro;
				TargetAttributes = {
					A2177E5A1AC1CE5300BBCCED = {
						SystemCapabilities = {
							com.apple.BackgroundModes = {
								enabled = 0;
							};
						};
					};
					A29EE93C1ACED10800CD063A = {
						CreatedOnToolsVersion = 6.2;
						TestTargetID = A2177E5A1AC1CE5300BBCCED;
					};
				};
			};
			buildConfigurationList = A2177E561AC1CE5300BBCCED /* Build configuration list for PBXProject "Image Search" */;
			compatibilityVersion = "Xcode 3.2";
			developmentRegion = English;
			hasScannedForEncodings = 0;
			knownRegions = (
				en,
				Base,
			);
			mainGroup = A2177E521AC1CE5300BBCCED;
			productRefGroup = A2177E5C1AC1CE5300BBCCED /* Products */;
			projectDirPath = "";
			projectRoot = "";
			targets = (
				A2177E5A1AC1CE5300BBCCED /* Image Search */,
				A29EE93C1ACED10800CD063A /* Image Search Tests */,
			);
		};
/* End PBXProject section */

/* Begin PBXResourcesBuildPhase section */
		A2177E591AC1CE5300BBCCED /* Resources */ = {
			isa = PBXResourcesBuildPhase;
			buildActionMask = 2147483647;
			files = (
				A2177E771AC1CE5300BBCCED /* Images.xcassets in Resources */,
				A2177E691AC1CE5300BBCCED /* InfoPlist.strings in Resources */,
				A2177E721AC1CE5300BBCCED /* Main.storyboard in Resources */,
			);
			runOnlyForDeploymentPostprocessing = 0;
		};
		A29EE93B1ACED10800CD063A /* Resources */ = {
			isa = PBXResourcesBuildPhase;
			buildActionMask = 2147483647;
			files = (
			);
			runOnlyForDeploymentPostprocessing = 0;
		};
/* End PBXResourcesBuildPhase section */

/* Begin PBXShellScriptBuildPhase section */
		36DC7CB70B7B4FDD334B42FF /* Copy Pods Resources */ = {
			isa = PBXShellScriptBuildPhase;
			buildActionMask = 2147483647;
			files = (
			);
			inputPaths = (
			);
			name = "Copy Pods Resources";
			outputPaths = (
			);
			runOnlyForDeploymentPostprocessing = 0;
			shellPath = /bin/sh;
			shellScript = "\"${SRCROOT}/Pods/Target Support Files/Pods-Image Search/Pods-Image Search-resources.sh\"\n";
			showEnvVarsInLog = 0;
		};
		720E84BCEACC6D5A4E11A797 /* Check Pods Manifest.lock */ = {
			isa = PBXShellScriptBuildPhase;
			buildActionMask = 2147483647;
			files = (
			);
			inputPaths = (
			);
			name = "Check Pods Manifest.lock";
			outputPaths = (
			);
			runOnlyForDeploymentPostprocessing = 0;
			shellPath = /bin/sh;
			shellScript = "diff \"${PODS_ROOT}/../Podfile.lock\" \"${PODS_ROOT}/Manifest.lock\" > /dev/null\nif [[ $? != 0 ]] ; then\n    cat << EOM\nerror: The sandbox is not in sync with the Podfile.lock. Run 'pod install' or update your CocoaPods installation.\nEOM\n    exit 1\nfi\n";
			showEnvVarsInLog = 0;
		};
/* End PBXShellScriptBuildPhase section */

/* Begin PBXSourcesBuildPhase section */
		A2177E571AC1CE5300BBCCED /* Sources */ = {
			isa = PBXSourcesBuildPhase;
			buildActionMask = 2147483647;
			files = (
				A261BB451AC59E2600653EC2 /* APRThumbnailImage.m in Sources */,
				A2177E6F1AC1CE5300BBCCED /* APRAppDelegate.m in Sources */,
				A261BB411AC411E100653EC2 /* APRJSONModel.m in Sources */,
				A2177E6B1AC1CE5300BBCCED /* main.m in Sources */,
				A2177E751AC1CE5300BBCCED /* APRViewController.m in Sources */,
				A210ABA51AC7F30C00F6DFC6 /* NSMutableArray+APRStreamArray.m in Sources */,
				A204B5C51AC1D27400FB2618 /* APRCollectionViewCell.m in Sources */,
				A261BB3E1AC39FE900653EC2 /* APRRestClient.m in Sources */,
				A210AB9D1AC6E1C200F6DFC6 /* APRResponseModel.m in Sources */,
			);
			runOnlyForDeploymentPostprocessing = 0;
		};
		A29EE9391ACED10800CD063A /* Sources */ = {
			isa = PBXSourcesBuildPhase;
			buildActionMask = 2147483647;
			files = (
				A29EE9421ACED10800CD063A /* Image_Search_Tests.m in Sources */,
			);
			runOnlyForDeploymentPostprocessing = 0;
		};
/* End PBXSourcesBuildPhase section */

/* Begin PBXTargetDependency section */
		A29EE9441ACED10800CD063A /* PBXTargetDependency */ = {
			isa = PBXTargetDependency;
			target = A2177E5A1AC1CE5300BBCCED /* Image Search */;
			targetProxy = A29EE9431ACED10800CD063A /* PBXContainerItemProxy */;
		};
/* End PBXTargetDependency section */

/* Begin PBXVariantGroup section */
		A2177E671AC1CE5300BBCCED /* InfoPlist.strings */ = {
			isa = PBXVariantGroup;
			children = (
				A2177E681AC1CE5300BBCCED /* en */,
			);
			name = InfoPlist.strings;
			sourceTree = "<group>";
		};
		A2177E701AC1CE5300BBCCED /* Main.storyboard */ = {
			isa = PBXVariantGroup;
			children = (
				A2177E711AC1CE5300BBCCED /* Base */,
			);
			name = Main.storyboard;
			sourceTree = "<group>";
		};
/* End PBXVariantGroup section */

/* Begin XCBuildConfiguration section */
		A2177E8B1AC1CE5300BBCCED /* Debug */ = {
			isa = XCBuildConfiguration;
			buildSettings = {
				ALWAYS_SEARCH_USER_PATHS = NO;
				CLANG_CXX_LANGUAGE_STANDARD = "gnu++0x";
				CLANG_CXX_LIBRARY = "libc++";
				CLANG_ENABLE_MODULES = YES;
				CLANG_ENABLE_OBJC_ARC = YES;
				CLANG_WARN_BOOL_CONVERSION = YES;
				CLANG_WARN_CONSTANT_CONVERSION = YES;
				CLANG_WARN_DIRECT_OBJC_ISA_USAGE = YES_ERROR;
				CLANG_WARN_EMPTY_BODY = YES;
				CLANG_WARN_ENUM_CONVERSION = YES;
				CLANG_WARN_INT_CONVERSION = YES;
				CLANG_WARN_OBJC_ROOT_CLASS = YES_ERROR;
				CLANG_WARN__DUPLICATE_METHOD_MATCH = YES;
				"CODE_SIGN_IDENTITY[sdk=iphoneos*]" = "iPhone Developer";
				COPY_PHASE_STRIP = NO;
				GCC_C_LANGUAGE_STANDARD = gnu99;
				GCC_DYNAMIC_NO_PIC = NO;
				GCC_OPTIMIZATION_LEVEL = 0;
				GCC_PREPROCESSOR_DEFINITIONS = (
					"DEBUG=1",
					"$(inherited)",
				);
				GCC_SYMBOLS_PRIVATE_EXTERN = NO;
				GCC_WARN_64_TO_32_BIT_CONVERSION = YES;
				GCC_WARN_ABOUT_RETURN_TYPE = YES_ERROR;
				GCC_WARN_UNDECLARED_SELECTOR = YES;
				GCC_WARN_UNINITIALIZED_AUTOS = YES_AGGRESSIVE;
				GCC_WARN_UNUSED_FUNCTION = YES;
				GCC_WARN_UNUSED_VARIABLE = YES;
				IPHONEOS_DEPLOYMENT_TARGET = 7.0;
				ONLY_ACTIVE_ARCH = YES;
				SDKROOT = iphoneos;
			};
			name = Debug;
		};
		A2177E8C1AC1CE5300BBCCED /* Release */ = {
			isa = XCBuildConfiguration;
			buildSettings = {
				ALWAYS_SEARCH_USER_PATHS = NO;
				CLANG_CXX_LANGUAGE_STANDARD = "gnu++0x";
				CLANG_CXX_LIBRARY = "libc++";
				CLANG_ENABLE_MODULES = YES;
				CLANG_ENABLE_OBJC_ARC = YES;
				CLANG_WARN_BOOL_CONVERSION = YES;
				CLANG_WARN_CONSTANT_CONVERSION = YES;
				CLANG_WARN_DIRECT_OBJC_ISA_USAGE = YES_ERROR;
				CLANG_WARN_EMPTY_BODY = YES;
				CLANG_WARN_ENUM_CONVERSION = YES;
				CLANG_WARN_INT_CONVERSION = YES;
				CLANG_WARN_OBJC_ROOT_CLASS = YES_ERROR;
				CLANG_WARN__DUPLICATE_METHOD_MATCH = YES;
				"CODE_SIGN_IDENTITY[sdk=iphoneos*]" = "iPhone Developer";
				COPY_PHASE_STRIP = YES;
				ENABLE_NS_ASSERTIONS = NO;
				GCC_C_LANGUAGE_STANDARD = gnu99;
				GCC_WARN_64_TO_32_BIT_CONVERSION = YES;
				GCC_WARN_ABOUT_RETURN_TYPE = YES_ERROR;
				GCC_WARN_UNDECLARED_SELECTOR = YES;
				GCC_WARN_UNINITIALIZED_AUTOS = YES_AGGRESSIVE;
				GCC_WARN_UNUSED_FUNCTION = YES;
				GCC_WARN_UNUSED_VARIABLE = YES;
				IPHONEOS_DEPLOYMENT_TARGET = 7.0;
				SDKROOT = iphoneos;
				VALIDATE_PRODUCT = YES;
			};
			name = Release;
		};
		A2177E8E1AC1CE5300BBCCED /* Debug */ = {
			isa = XCBuildConfiguration;
			baseConfigurationReference = 199D0148679E487ED8BAC1E6 /* Pods-Image Search.debug.xcconfig */;
			buildSettings = {
				ASSETCATALOG_COMPILER_APPICON_NAME = AppIcon;
				ASSETCATALOG_COMPILER_LAUNCHIMAGE_NAME = LaunchImage;
				GCC_PRECOMPILE_PREFIX_HEADER = YES;
				GCC_PREFIX_HEADER = "Image Search/Image Search-Prefix.pch";
				INFOPLIST_FILE = "Image Search/Image Search-Info.plist";
				IPHONEOS_DEPLOYMENT_TARGET = 7.0;
				PRODUCT_NAME = "$(TARGET_NAME)";
				TARGETED_DEVICE_FAMILY = 1;
				WRAPPER_EXTENSION = app;
			};
			name = Debug;
		};
		A2177E8F1AC1CE5300BBCCED /* Release */ = {
			isa = XCBuildConfiguration;
			baseConfigurationReference = 1DD8FB76BEFB0758143BCBB6 /* Pods-Image Search.release.xcconfig */;
			buildSettings = {
				ASSETCATALOG_COMPILER_APPICON_NAME = AppIcon;
				ASSETCATALOG_COMPILER_LAUNCHIMAGE_NAME = LaunchImage;
				GCC_PRECOMPILE_PREFIX_HEADER = YES;
				GCC_PREFIX_HEADER = "Image Search/Image Search-Prefix.pch";
				INFOPLIST_FILE = "Image Search/Image Search-Info.plist";
				IPHONEOS_DEPLOYMENT_TARGET = 7.0;
				PRODUCT_NAME = "$(TARGET_NAME)";
				TARGETED_DEVICE_FAMILY = 1;
				WRAPPER_EXTENSION = app;
			};
			name = Release;
		};
		A29EE9451ACED10800CD063A /* Debug */ = {
			isa = XCBuildConfiguration;
			buildSettings = {
				BUNDLE_LOADER = "$(TEST_HOST)";
				CLANG_WARN_UNREACHABLE_CODE = YES;
				ENABLE_STRICT_OBJC_MSGSEND = YES;
				FRAMEWORK_SEARCH_PATHS = (
					"$(SDKROOT)/Developer/Library/Frameworks",
					"$(inherited)",
				);
				GCC_PREPROCESSOR_DEFINITIONS = (
					"DEBUG=1",
					"$(inherited)",
				);
				INFOPLIST_FILE = "Image Search Tests/Info.plist";
				IPHONEOS_DEPLOYMENT_TARGET = 8.2;
				LD_RUNPATH_SEARCH_PATHS = "$(inherited) @executable_path/Frameworks @loader_path/Frameworks";
				MTL_ENABLE_DEBUG_INFO = YES;
				PRODUCT_NAME = "$(TARGET_NAME)";
				TEST_HOST = "$(BUILT_PRODUCTS_DIR)/Image Search.app/Image Search";
			};
			name = Debug;
		};
		A29EE9461ACED10800CD063A /* Release */ = {
			isa = XCBuildConfiguration;
			buildSettings = {
				BUNDLE_LOADER = "$(TEST_HOST)";
				CLANG_WARN_UNREACHABLE_CODE = YES;
				COPY_PHASE_STRIP = NO;
				ENABLE_STRICT_OBJC_MSGSEND = YES;
				FRAMEWORK_SEARCH_PATHS = (
					"$(SDKROOT)/Developer/Library/Frameworks",
					"$(inherited)",
				);
				INFOPLIST_FILE = "Image Search Tests/Info.plist";
				IPHONEOS_DEPLOYMENT_TARGET = 8.2;
				LD_RUNPATH_SEARCH_PATHS = "$(inherited) @executable_path/Frameworks @loader_path/Frameworks";
				MTL_ENABLE_DEBUG_INFO = NO;
				PRODUCT_NAME = "$(TARGET_NAME)";
				TEST_HOST = "$(BUILT_PRODUCTS_DIR)/Image Search.app/Image Search";
			};
			name = Release;
		};
/* End XCBuildConfiguration section */

/* Begin XCConfigurationList section */
		A2177E561AC1CE5300BBCCED /* Build configuration list for PBXProject "Image Search" */ = {
			isa = XCConfigurationList;
			buildConfigurations = (
				A2177E8B1AC1CE5300BBCCED /* Debug */,
				A2177E8C1AC1CE5300BBCCED /* Release */,
			);
			defaultConfigurationIsVisible = 0;
			defaultConfigurationName = Release;
		};
		A2177E8D1AC1CE5300BBCCED /* Build configuration list for PBXNativeTarget "Image Search" */ = {
			isa = XCConfigurationList;
			buildConfigurations = (
				A2177E8E1AC1CE5300BBCCED /* Debug */,
				A2177E8F1AC1CE5300BBCCED /* Release */,
			);
			defaultConfigurationIsVisible = 0;
			defaultConfigurationName = Release;
		};
		A29EE9471ACED10800CD063A /* Build configuration list for PBXNativeTarget "Image Search Tests" */ = {
			isa = XCConfigurationList;
			buildConfigurations = (
				A29EE9451ACED10800CD063A /* Debug */,
				A29EE9461ACED10800CD063A /* Release */,
			);
			defaultConfigurationIsVisible = 0;
			defaultConfigurationName = Release;
		};
/* End XCConfigurationList section */
	};
	rootObject = A2177E531AC1CE5300BBCCED /* Project object */;
}
